
Microsoft Visual Studio Solution File, Format Version 12.00
# Visual Studio Version 17
VisualStudioVersion = 17.5.002.0
MinimumVisualStudioVersion = 10.0.40219.1
Project("{9A19103F-16F7-4668-BE54-9A1E7A4F7556}") = "GroveRelayController", "GroveRelayController.csproj", "{50F2FF03-6206-4C8E-9466-D8F1B71AD298}"
EndProject
Global
	GlobalSection(SolutionConfigurationPlatforms) = preSolution
		Debug|Any CPU = Debug|Any CPU
		Release|Any CPU = Release|Any CPU
	EndGlobalSection
	GlobalSection(ProjectConfigurationPlatforms) = postSolution
		{50F2FF03-6206-4C8E-9466-D8F1B71AD298}.Debug|Any CPU.ActiveCfg = Debug|Any CPU
		{50F2FF03-6206-4C8E-9466-D8F1B71AD298}.Debug|Any CPU.Build.0 = Debug|Any CPU
		{50F2FF03-6206-4C8E-9466-D8F1B71AD298}.Release|Any CPU.ActiveCfg = Release|Any CPU
		{50F2FF03-6206-4C8E-9466-D8F1B71AD298}.Release|Any CPU.Build.0 = Release|Any CPU
	EndGlobalSection
	GlobalSection(SolutionProperties) = preSolution
		HideSolutionNode = FALSE
	EndGlobalSection
	GlobalSection(ExtensibilityGlobals) = postSolution
		SolutionGuid = {65BB13D2-F3B5-4192-A6D3-910910CB1C12}
	EndGlobalSection
EndGlobal
